{
  "name": "glossary-glance",
  "version": "1.0.0",
  "lockfileVersion": 3,
  "requires": true,
  "packages": {
    "": {
      "name": "glossary-glance",
      "version": "1.0.0",
      "license": "MIT",
      "dependencies": {
        "@stbr/solana-glossary": "file:../../"
      }
    },
    "../..": {
      "name": "@stbr/solana-glossary",
      "version": "1.0.0",
      "license": "MIT",
      "devDependencies": {
        "@types/node": "^25.5.0",
        "tsup": "^8.0.0",
        "typescript": "^5.4.0",
        "vitest": "^3.2.0"
      }
    },
    "node_modules/@stbr/solana-glossary": {
      "resolved": "../..",
      "link": true
    }
  }
}
